
Microsoft Visual Studio Solution File, Format Version 12.00
# Visual Studio 2017
Project("{FAE04EC0-301F-11D3-BF4B-00C04F79EFBC}") = "Project 3m5", "Project 3m5.csproj", "{65AEA270-1CCA-0A1F-5597-1EEC8A4C0517}"
EndProject
Project("{FAE04EC0-301F-11D3-BF4B-00C04F79EFBC}") = "Project 3m5.Editor", "Project 3m5.Editor.csproj", "{3CA54F8A-10B2-2DDE-EE7B-9818E58CA369}"
EndProject
Global
	GlobalSection(SolutionConfigurationPlatforms) = preSolution
		Debug|Any CPU = Debug|Any CPU
		Release|Any CPU = Release|Any CPU
	EndGlobalSection
	GlobalSection(ProjectConfigurationPlatforms) = postSolution
		{65AEA270-1CCA-0A1F-5597-1EEC8A4C0517}.Debug|Any CPU.ActiveCfg = Debug|Any CPU
		{65AEA270-1CCA-0A1F-5597-1EEC8A4C0517}.Debug|Any CPU.Build.0 = Debug|Any CPU
		{65AEA270-1CCA-0A1F-5597-1EEC8A4C0517}.Release|Any CPU.ActiveCfg = Release|Any CPU
		{65AEA270-1CCA-0A1F-5597-1EEC8A4C0517}.Release|Any CPU.Build.0 = Release|Any CPU
		{3CA54F8A-10B2-2DDE-EE7B-9818E58CA369}.Debug|Any CPU.ActiveCfg = Debug|Any CPU
		{3CA54F8A-10B2-2DDE-EE7B-9818E58CA369}.Debug|Any CPU.Build.0 = Debug|Any CPU
		{3CA54F8A-10B2-2DDE-EE7B-9818E58CA369}.Release|Any CPU.ActiveCfg = Release|Any CPU
		{3CA54F8A-10B2-2DDE-EE7B-9818E58CA369}.Release|Any CPU.Build.0 = Release|Any CPU
	EndGlobalSection
	GlobalSection(SolutionProperties) = preSolution
		HideSolutionNode = FALSE
	EndGlobalSection
EndGlobal
